
Microsoft Visual Studio Solution File, Format Version 12.00
# Visual Studio Version 16
VisualStudioVersion = 16.0.30907.101
MinimumVisualStudioVersion = 10.0.40219.1
Project("{FAE04EC0-301F-11D3-BF4B-00C04F79EFBC}") = "AddressBookDay21", "AddressBookDay21\AddressBookDay21.csproj", "{73D2BD4F-3877-4EBA-9E57-82FEBC8CECCF}"
EndProject
Project("{FAE04EC0-301F-11D3-BF4B-00C04F79EFBC}") = "NUnitTestProject1", "NUnitTestProject1\NUnitTestProject1.csproj", "{8566EF52-5DA8-4BD0-95E7-6AC4434CF7DD}"
EndProject
Global
	GlobalSection(SolutionConfigurationPlatforms) = preSolution
		Debug|Any CPU = Debug|Any CPU
		Release|Any CPU = Release|Any CPU
	EndGlobalSection
	GlobalSection(ProjectConfigurationPlatforms) = postSolution
		{73D2BD4F-3877-4EBA-9E57-82FEBC8CECCF}.Debug|Any CPU.ActiveCfg = Debug|Any CPU
		{73D2BD4F-3877-4EBA-9E57-82FEBC8CECCF}.Debug|Any CPU.Build.0 = Debug|Any CPU
		{73D2BD4F-3877-4EBA-9E57-82FEBC8CECCF}.Release|Any CPU.ActiveCfg = Release|Any CPU
		{73D2BD4F-3877-4EBA-9E57-82FEBC8CECCF}.Release|Any CPU.Build.0 = Release|Any CPU
		{8566EF52-5DA8-4BD0-95E7-6AC4434CF7DD}.Debug|Any CPU.ActiveCfg = Debug|Any CPU
		{8566EF52-5DA8-4BD0-95E7-6AC4434CF7DD}.Debug|Any CPU.Build.0 = Debug|Any CPU
		{8566EF52-5DA8-4BD0-95E7-6AC4434CF7DD}.Release|Any CPU.ActiveCfg = Release|Any CPU
		{8566EF52-5DA8-4BD0-95E7-6AC4434CF7DD}.Release|Any CPU.Build.0 = Release|Any CPU
	EndGlobalSection
	GlobalSection(SolutionProperties) = preSolution
		HideSolutionNode = FALSE
	EndGlobalSection
	GlobalSection(ExtensibilityGlobals) = postSolution
		SolutionGuid = {70E08A4B-FCCE-41FB-B5AF-9E8445FC3622}
	EndGlobalSection
EndGlobal
